
Microsoft Visual Studio Solution File, Format Version 12.00
# Visual Studio 14
VisualStudioVersion = 14.0.24720.0
MinimumVisualStudioVersion = 10.0.40219.1
Project("{FAE04EC0-301F-11D3-BF4B-00C04F79EFBC}") = "Backend", "Backend\Backend.csproj", "{F7F44D31-A029-46AD-9478-5A2BDBF86E79}"
EndProject
Project("{FAE04EC0-301F-11D3-BF4B-00C04F79EFBC}") = "TCPFrontend", "TCPFrontend\TCPFrontend.csproj", "{F68DC56A-84C5-4D4D-A18A-B80D74C5BC51}"
EndProject
Project("{E24C65DC-7377-472B-9ABA-BC803B73C61A}") = "WebFrontend(2)", "WebFrontend\", "{F91EF4FB-566E-44C7-BFBC-ED80E2C8118A}"
	ProjectSection(WebsiteProperties) = preProject
		TargetFrameworkMoniker = ".NETFramework,Version%3Dv4.5.2"
		Debug.AspNetCompiler.VirtualPath = "/localhost_50734"
		Debug.AspNetCompiler.PhysicalPath = "WebFrontend\"
		Debug.AspNetCompiler.TargetPath = "PrecompiledWeb\localhost_50734\"
		Debug.AspNetCompiler.Updateable = "true"
		Debug.AspNetCompiler.ForceOverwrite = "true"
		Debug.AspNetCompiler.FixedNames = "false"
		Debug.AspNetCompiler.Debug = "True"
		Release.AspNetCompiler.VirtualPath = "/localhost_50734"
		Release.AspNetCompiler.PhysicalPath = "WebFrontend\"
		Release.AspNetCompiler.TargetPath = "PrecompiledWeb\localhost_50734\"
		Release.AspNetCompiler.Updateable = "true"
		Release.AspNetCompiler.ForceOverwrite = "true"
		Release.AspNetCompiler.FixedNames = "false"
		Release.AspNetCompiler.Debug = "False"
		VWDPort = "50734"
		SlnRelativePath = "WebFrontend\"
		DefaultWebSiteLanguage = "Visual C#"
	EndProjectSection
EndProject
Global
	GlobalSection(SolutionConfigurationPlatforms) = preSolution
		Debug|Any CPU = Debug|Any CPU
		Release|Any CPU = Release|Any CPU
	EndGlobalSection
	GlobalSection(ProjectConfigurationPlatforms) = postSolution
		{F7F44D31-A029-46AD-9478-5A2BDBF86E79}.Debug|Any CPU.ActiveCfg = Debug|Any CPU
		{F7F44D31-A029-46AD-9478-5A2BDBF86E79}.Debug|Any CPU.Build.0 = Debug|Any CPU
		{F7F44D31-A029-46AD-9478-5A2BDBF86E79}.Release|Any CPU.ActiveCfg = Release|Any CPU
		{F7F44D31-A029-46AD-9478-5A2BDBF86E79}.Release|Any CPU.Build.0 = Release|Any CPU
		{F68DC56A-84C5-4D4D-A18A-B80D74C5BC51}.Debug|Any CPU.ActiveCfg = Debug|Any CPU
		{F68DC56A-84C5-4D4D-A18A-B80D74C5BC51}.Debug|Any CPU.Build.0 = Debug|Any CPU
		{F68DC56A-84C5-4D4D-A18A-B80D74C5BC51}.Release|Any CPU.ActiveCfg = Release|Any CPU
		{F68DC56A-84C5-4D4D-A18A-B80D74C5BC51}.Release|Any CPU.Build.0 = Release|Any CPU
		{F91EF4FB-566E-44C7-BFBC-ED80E2C8118A}.Debug|Any CPU.ActiveCfg = Debug|Any CPU
		{F91EF4FB-566E-44C7-BFBC-ED80E2C8118A}.Debug|Any CPU.Build.0 = Debug|Any CPU
		{F91EF4FB-566E-44C7-BFBC-ED80E2C8118A}.Release|Any CPU.ActiveCfg = Debug|Any CPU
		{F91EF4FB-566E-44C7-BFBC-ED80E2C8118A}.Release|Any CPU.Build.0 = Debug|Any CPU
	EndGlobalSection
	GlobalSection(SolutionProperties) = preSolution
		HideSolutionNode = FALSE
	EndGlobalSection
EndGlobal
